// !$*UTF8*$!
{
	archiveVersion = 1;
	classes = {
	};
	objectVersion = 56;
	objects = {

/* Begin PBXBuildFile section */
		A72DB979295DFE1F0055D50C /* NeotifyApp.swift in Sources */ = {isa = PBXBuildFile; fileRef = A72DB978295DFE1F0055D50C /* NeotifyApp.swift */; };
		A72DB97B295DFE1F0055D50C /* ContentView.swift in Sources */ = {isa = PBXBuildFile; fileRef = A72DB97A295DFE1F0055D50C /* ContentView.swift */; };
		A72DB97D295DFE220055D50C /* Assets.xcassets in Resources */ = {isa = PBXBuildFile; fileRef = A72DB97C295DFE220055D50C /* Assets.xcassets */; };
		A72DB980295DFE220055D50C /* Preview Assets.xcassets in Resources */ = {isa = PBXBuildFile; fileRef = A72DB97F295DFE220055D50C /* Preview Assets.xcassets */; };
		A72DB98A295DFE220055D50C /* NeotifyTests.swift in Sources */ = {isa = PBXBuildFile; fileRef = A72DB989295DFE220055D50C /* NeotifyTests.swift */; };
		A72DB994295DFE220055D50C /* NeotifyUITests.swift in Sources */ = {isa = PBXBuildFile; fileRef = A72DB993295DFE220055D50C /* NeotifyUITests.swift */; };
		A72DB996295DFE220055D50C /* NeotifyUITestsLaunchTests.swift in Sources */ = {isa = PBXBuildFile; fileRef = A72DB995295DFE220055D50C /* NeotifyUITestsLaunchTests.swift */; };
/* End PBXBuildFile section */

/* Begin PBXContainerItemProxy section */
		A72DB986295DFE220055D50C /* PBXContainerItemProxy */ = {
			isa = PBXContainerItemProxy;
			containerPortal = A72DB96D295DFE1F0055D50C /* Project object */;
			proxyType = 1;
			remoteGlobalIDString = A72DB974295DFE1F0055D50C;
			remoteInfo = Neotify;
		};
		A72DB990295DFE220055D50C /* PBXContainerItemProxy */ = {
			isa = PBXContainerItemProxy;
			containerPortal = A72DB96D295DFE1F0055D50C /* Project object */;
			proxyType = 1;
			remoteGlobalIDString = A72DB974295DFE1F0055D50C;
			remoteInfo = Neotify;
		};
/* End PBXContainerItemProxy section */

/* Begin PBXFileReference section */
		A72DB975295DFE1F0055D50C /* Neotify.app */ = {isa = PBXFileReference; explicitFileType = wrapper.application; includeInIndex = 0; path = Neotify.app; sourceTree = BUILT_PRODUCTS_DIR; };
		A72DB978295DFE1F0055D50C /* NeotifyApp.swift */ = {isa = PBXFileReference; lastKnownFileType = sourcecode.swift; path = NeotifyApp.swift; sourceTree = "<group>"; };
		A72DB97A295DFE1F0055D50C /* ContentView.swift */ = {isa = PBXFileReference; lastKnownFileType = sourcecode.swift; path = ContentView.swift; sourceTree = "<group>"; };
		A72DB97C295DFE220055D50C /* Assets.xcassets */ = {isa = PBXFileReference; lastKnownFileType = folder.assetcatalog; path = Assets.xcassets; sourceTree = "<group>"; };
		A72DB97F295DFE220055D50C /* Preview Assets.xcassets */ = {isa = PBXFileReference; lastKnownFileType = folder.assetcatalog; path = "Preview Assets.xcassets"; sourceTree = "<group>"; };
		A72DB985295DFE220055D50C /* NeotifyTests.xctest */ = {isa = PBXFileReference; explicitFileType = wrapper.cfbundle; includeInIndex = 0; path = NeotifyTests.xctest; sourceTree = BUILT_PRODUCTS_DIR; };
		A72DB989295DFE220055D50C /* NeotifyTests.swift */ = {isa = PBXFileReference; lastKnownFileType = sourcecode.swift; path = NeotifyTests.swift; sourceTree = "<group>"; };
		A72DB98F295DFE220055D50C /* NeotifyUITests.xctest */ = {isa = PBXFileReference; explicitFileType = wrapper.cfbundle; includeInIndex = 0; path = NeotifyUITests.xctest; sourceTree = BUILT_PRODUCTS_DIR; };
		A72DB993295DFE220055D50C /* NeotifyUITests.swift */ = {isa = PBXFileReference; lastKnownFileType = sourcecode.swift; path = NeotifyUITests.swift; sourceTree = "<group>"; };
		A72DB995295DFE220055D50C /* NeotifyUITestsLaunchTests.swift */ = {isa = PBXFileReference; lastKnownFileType = sourcecode.swift; path = NeotifyUITestsLaunchTests.swift; sourceTree = "<group>"; };
/* End PBXFileReference section */

/* Begin PBXFrameworksBuildPhase section */
		A72DB972295DFE1F0055D50C /* Frameworks */ = {
			isa = PBXFrameworksBuildPhase;
			buildActionMask = 2147483647;
			files = (
			);
			runOnlyForDeploymentPostprocessing = 0;
		};
		A72DB982295DFE220055D50C /* Frameworks */ = {
			isa = PBXFrameworksBuildPhase;
			buildActionMask = 2147483647;
			files = (
			);
			runOnlyForDeploymentPostprocessing = 0;
		};
		A72DB98C295DFE220055D50C /* Frameworks */ = {
			isa = PBXFrameworksBuildPhase;
			buildActionMask = 2147483647;
			files = (
			);
			runOnlyForDeploymentPostprocessing = 0;
		};
/* End PBXFrameworksBuildPhase section */

/* Begin PBXGroup section */
		A72DB96C295DFE1F0055D50C = {
			isa = PBXGroup;
			children = (
				A72DB977295DFE1F0055D50C /* Neotify */,
				A72DB988295DFE220055D50C /* NeotifyTests */,
				A72DB992295DFE220055D50C /* NeotifyUITests */,
				A72DB976295DFE1F0055D50C /* Products */,
			);
			sourceTree = "<group>";
		};
		A72DB976295DFE1F0055D50C /* Products */ = {
			isa = PBXGroup;
			children = (
				A72DB975295DFE1F0055D50C /* Neotify.app */,
				A72DB985295DFE220055D50C /* NeotifyTests.xctest */,
				A72DB98F295DFE220055D50C /* NeotifyUITests.xctest */,
			);
			name = Products;
			sourceTree = "<group>";
		};
		A72DB977295DFE1F0055D50C /* Neotify */ = {
			isa = PBXGroup;
			children = (
				A72DB978295DFE1F0055D50C /* NeotifyApp.swift */,
				A72DB97A295DFE1F0055D50C /* ContentView.swift */,
				A72DB97C295DFE220055D50C /* Assets.xcassets */,
				A72DB97E295DFE220055D50C /* Preview Content */,
			);
			path = Neotify;
			sourceTree = "<group>";
		};
		A72DB97E295DFE220055D50C /* Preview Content */ = {
			isa = PBXGroup;
			children = (
				A72DB97F295DFE220055D50C /* Preview Assets.xcassets */,
			);
			path = "Preview Content";
			sourceTree = "<group>";
		};
		A72DB988295DFE220055D50C /* NeotifyTests */ = {
			isa = PBXGroup;
			children = (
				A72DB989295DFE220055D50C /* NeotifyTests.swift */,
			);
			path = NeotifyTests;
			sourceTree = "<group>";
		};
		A72DB992295DFE220055D50C /* NeotifyUITests */ = {
			isa = PBXGroup;
			children = (
				A72DB993295DFE220055D50C /* NeotifyUITests.swift */,
				A72DB995295DFE220055D50C /* NeotifyUITestsLaunchTests.swift */,
			);
			path = NeotifyUITests;
			sourceTree = "<group>";
		};
/* End PBXGroup section */

/* Begin PBXNativeTarget section */
		A72DB974295DFE1F0055D50C /* Neotify */ = {
			isa = PBXNativeTarget;
			buildConfigurationList = A72DB999295DFE220055D50C /* Build configuration list for PBXNativeTarget "Neotify" */;
			buildPhases = (
				A72DB971295DFE1F0055D50C /* Sources */,
				A72DB972295DFE1F0055D50C /* Frameworks */,
				A72DB973295DFE1F0055D50C /* Resources */,
			);
			buildRules = (
			);
			dependencies = (
			);
			name = Neotify;
			productName = Neotify;
			productReference = A72DB975295DFE1F0055D50C /* Neotify.app */;
			productType = "com.apple.product-type.application";
		};
		A72DB984295DFE220055D50C /* NeotifyTests */ = {
			isa = PBXNativeTarget;
			buildConfigurationList = A72DB99C295DFE220055D50C /* Build configuration list for PBXNativeTarget "NeotifyTests" */;
			buildPhases = (
				A72DB981295DFE220055D50C /* Sources */,
				A72DB982295DFE220055D50C /* Frameworks */,
				A72DB983295DFE220055D50C /* Resources */,
			);
			buildRules = (
			);
			dependencies = (
				A72DB987295DFE220055D50C /* PBXTargetDependency */,
			);
			name = NeotifyTests;
			productName = NeotifyTests;
			productReference = A72DB985295DFE220055D50C /* NeotifyTests.xctest */;
			productType = "com.apple.product-type.bundle.unit-test";
		};
		A72DB98E295DFE220055D50C /* NeotifyUITests */ = {
			isa = PBXNativeTarget;
			buildConfigurationList = A72DB99F295DFE220055D50C /* Build configuration list for PBXNativeTarget "NeotifyUITests" */;
			buildPhases = (
				A72DB98B295DFE220055D50C /* Sources */,
				A72DB98C295DFE220055D50C /* Frameworks */,
				A72DB98D295DFE220055D50C /* Resources */,
			);
			buildRules = (
			);
			dependencies = (
				A72DB991295DFE220055D50C /* PBXTargetDependency */,
			);
			name = NeotifyUITests;
			productName = NeotifyUITests;
			productReference = A72DB98F295DFE220055D50C /* NeotifyUITests.xctest */;
			productType = "com.apple.product-type.bundle.ui-testing";
		};
/* End PBXNativeTarget section */

/* Begin PBXProject section */
		A72DB96D295DFE1F0055D50C /* Project object */ = {
			isa = PBXProject;
			attributes = {
				BuildIndependentTargetsInParallel = 1;
				LastSwiftUpdateCheck = 1400;
				LastUpgradeCheck = 1400;
				TargetAttributes = {
					A72DB974295DFE1F0055D50C = {
						CreatedOnToolsVersion = 14.0.1;
					};
					A72DB984295DFE220055D50C = {
						CreatedOnToolsVersion = 14.0.1;
						TestTargetID = A72DB974295DFE1F0055D50C;
					};
					A72DB98E295DFE220055D50C = {
						CreatedOnToolsVersion = 14.0.1;
						TestTargetID = A72DB974295DFE1F0055D50C;
					};
				};
			};
			buildConfigurationList = A72DB970295DFE1F0055D50C /* Build configuration list for PBXProject "Neotify" */;
			compatibilityVersion = "Xcode 14.0";
			developmentRegion = en;
			hasScannedForEncodings = 0;
			knownRegions = (
				en,
				Base,
			);
			mainGroup = A72DB96C295DFE1F0055D50C;
			productRefGroup = A72DB976295DFE1F0055D50C /* Products */;
			projectDirPath = "";
			projectRoot = "";
			targets = (
				A72DB974295DFE1F0055D50C /* Neotify */,
				A72DB984295DFE220055D50C /* NeotifyTests */,
				A72DB98E295DFE220055D50C /* NeotifyUITests */,
			);
		};
/* End PBXProject section */

/* Begin PBXResourcesBuildPhase section */
		A72DB973295DFE1F0055D50C /* Resources */ = {
			isa = PBXResourcesBuildPhase;
			buildActionMask = 2147483647;
			files = (
				A72DB980295DFE220055D50C /* Preview Assets.xcassets in Resources */,
				A72DB97D295DFE220055D50C /* Assets.xcassets in Resources */,
			);
			runOnlyForDeploymentPostprocessing = 0;
		};
		A72DB983295DFE220055D50C /* Resources */ = {
			isa = PBXResourcesBuildPhase;
			buildActionMask = 2147483647;
			files = (
			);
			runOnlyForDeploymentPostprocessing = 0;
		};
		A72DB98D295DFE220055D50C /* Resources */ = {
			isa = PBXResourcesBuildPhase;
			buildActionMask = 2147483647;
			files = (
			);
			runOnlyForDeploymentPostprocessing = 0;
		};
/* End PBXResourcesBuildPhase section */

/* Begin PBXSourcesBuildPhase section */
		A72DB971295DFE1F0055D50C /* Sources */ = {
			isa = PBXSourcesBuildPhase;
			buildActionMask = 2147483647;
			files = (
				A72DB97B295DFE1F0055D50C /* ContentView.swift in Sources */,
				A72DB979295DFE1F0055D50C /* NeotifyApp.swift in Sources */,
			);
			runOnlyForDeploymentPostprocessing = 0;
		};
		A72DB981295DFE220055D50C /* Sources */ = {
			isa = PBXSourcesBuildPhase;
			buildActionMask = 2147483647;
			files = (
				A72DB98A295DFE220055D50C /* NeotifyTests.swift in Sources */,
			);
			runOnlyForDeploymentPostprocessing = 0;
		};
		A72DB98B295DFE220055D50C /* Sources */ = {
			isa = PBXSourcesBuildPhase;
			buildActionMask = 2147483647;
			files = (
				A72DB994295DFE220055D50C /* NeotifyUITests.swift in Sources */,
				A72DB996295DFE220055D50C /* NeotifyUITestsLaunchTests.swift in Sources */,
			);
			runOnlyForDeploymentPostprocessing = 0;
		};
/* End PBXSourcesBuildPhase section */

/* Begin PBXTargetDependency section */
		A72DB987295DFE220055D50C /* PBXTargetDependency */ = {
			isa = PBXTargetDependency;
			target = A72DB974295DFE1F0055D50C /* Neotify */;
			targetProxy = A72DB986295DFE220055D50C /* PBXContainerItemProxy */;
		};
		A72DB991295DFE220055D50C /* PBXTargetDependency */ = {
			isa = PBXTargetDependency;
			target = A72DB974295DFE1F0055D50C /* Neotify */;
			targetProxy = A72DB990295DFE220055D50C /* PBXContainerItemProxy */;
		};
/* End PBXTargetDependency section */

/* Begin XCBuildConfiguration section */
		A72DB997295DFE220055D50C /* Debug */ = {
			isa = XCBuildConfiguration;
			buildSettings = {
				ALWAYS_SEARCH_USER_PATHS = NO;
				CLANG_ANALYZER_NONNULL = YES;
				CLANG_ANALYZER_NUMBER_OBJECT_CONVERSION = YES_AGGRESSIVE;
				CLANG_CXX_LANGUAGE_STANDARD = "gnu++20";
				CLANG_ENABLE_MODULES = YES;
				CLANG_ENABLE_OBJC_ARC = YES;
				CLANG_ENABLE_OBJC_WEAK = YES;
				CLANG_WARN_BLOCK_CAPTURE_AUTORELEASING = YES;
				CLANG_WARN_BOOL_CONVERSION = YES;
				CLANG_WARN_COMMA = YES;
				CLANG_WARN_CONSTANT_CONVERSION = YES;
				CLANG_WARN_DEPRECATED_OBJC_IMPLEMENTATIONS = YES;
				CLANG_WARN_DIRECT_OBJC_ISA_USAGE = YES_ERROR;
				CLANG_WARN_DOCUMENTATION_COMMENTS = YES;
				CLANG_WARN_EMPTY_BODY = YES;
				CLANG_WARN_ENUM_CONVERSION = YES;
				CLANG_WARN_INFINITE_RECURSION = YES;
				CLANG_WARN_INT_CONVERSION = YES;
				CLANG_WARN_NON_LITERAL_NULL_CONVERSION = YES;
				CLANG_WARN_OBJC_IMPLICIT_RETAIN_SELF = YES;
				CLANG_WARN_OBJC_LITERAL_CONVERSION = YES;
				CLANG_WARN_OBJC_ROOT_CLASS = YES_ERROR;
				CLANG_WARN_QUOTED_INCLUDE_IN_FRAMEWORK_HEADER = YES;
				CLANG_WARN_RANGE_LOOP_ANALYSIS = YES;
				CLANG_WARN_STRICT_PROTOTYPES = YES;
				CLANG_WARN_SUSPICIOUS_MOVE = YES;
				CLANG_WARN_UNGUARDED_AVAILABILITY = YES_AGGRESSIVE;
				CLANG_WARN_UNREACHABLE_CODE = YES;
				CLANG_WARN__DUPLICATE_METHOD_MATCH = YES;
				COPY_PHASE_STRIP = NO;
				DEBUG_INFORMATION_FORMAT = dwarf;
				ENABLE_STRICT_OBJC_MSGSEND = YES;
				ENABLE_TESTABILITY = YES;
				GCC_C_LANGUAGE_STANDARD = gnu11;
				GCC_DYNAMIC_NO_PIC = NO;
				GCC_NO_COMMON_BLOCKS = YES;
				GCC_OPTIMIZATION_LEVEL = 0;
				GCC_PREPROCESSOR_DEFINITIONS = (
					"DEBUG=1",
					"$(inherited)",
				);
				GCC_WARN_64_TO_32_BIT_CONVERSION = YES;
				GCC_WARN_ABOUT_RETURN_TYPE = YES_ERROR;
				GCC_WARN_UNDECLARED_SELECTOR = YES;
				GCC_WARN_UNINITIALIZED_AUTOS = YES_AGGRESSIVE;
				GCC_WARN_UNUSED_FUNCTION = YES;
				GCC_WARN_UNUSED_VARIABLE = YES;
				IPHONEOS_DEPLOYMENT_TARGET = 16.0;
				MTL_ENABLE_DEBUG_INFO = INCLUDE_SOURCE;
				MTL_FAST_MATH = YES;
				ONLY_ACTIVE_ARCH = YES;
				SDKROOT = iphoneos;
				SWIFT_ACTIVE_COMPILATION_CONDITIONS = DEBUG;
				SWIFT_OPTIMIZATION_LEVEL = "-Onone";
			};
			name = Debug;
		};
		A72DB998295DFE220055D50C /* Release */ = {
			isa = XCBuildConfiguration;
			buildSettings = {
				ALWAYS_SEARCH_USER_PATHS = NO;
				CLANG_ANALYZER_NONNULL = YES;
				CLANG_ANALYZER_NUMBER_OBJECT_CONVERSION = YES_AGGRESSIVE;
				CLANG_CXX_LANGUAGE_STANDARD = "gnu++20";
				CLANG_ENABLE_MODULES = YES;
				CLANG_ENABLE_OBJC_ARC = YES;
				CLANG_ENABLE_OBJC_WEAK = YES;
				CLANG_WARN_BLOCK_CAPTURE_AUTORELEASING = YES;
				CLANG_WARN_BOOL_CONVERSION = YES;
				CLANG_WARN_COMMA = YES;
				CLANG_WARN_CONSTANT_CONVERSION = YES;
				CLANG_WARN_DEPRECATED_OBJC_IMPLEMENTATIONS = YES;
				CLANG_WARN_DIRECT_OBJC_ISA_USAGE = YES_ERROR;
				CLANG_WARN_DOCUMENTATION_COMMENTS = YES;
				CLANG_WARN_EMPTY_BODY = YES;
				CLANG_WARN_ENUM_CONVERSION = YES;
				CLANG_WARN_INFINITE_RECURSION = YES;
				CLANG_WARN_INT_CONVERSION = YES;
				CLANG_WARN_NON_LITERAL_NULL_CONVERSION = YES;
				CLANG_WARN_OBJC_IMPLICIT_RETAIN_SELF = YES;
				CLANG_WARN_OBJC_LITERAL_CONVERSION = YES;
				CLANG_WARN_OBJC_ROOT_CLASS = YES_ERROR;
				CLANG_WARN_QUOTED_INCLUDE_IN_FRAMEWORK_HEADER = YES;
				CLANG_WARN_RANGE_LOOP_ANALYSIS = YES;
				CLANG_WARN_STRICT_PROTOTYPES = YES;
				CLANG_WARN_SUSPICIOUS_MOVE = YES;
				CLANG_WARN_UNGUARDED_AVAILABILITY = YES_AGGRESSIVE;
				CLANG_WARN_UNREACHABLE_CODE = YES;
				CLANG_WARN__DUPLICATE_METHOD_MATCH = YES;
				COPY_PHASE_STRIP = NO;
				DEBUG_INFORMATION_FORMAT = "dwarf-with-dsym";
				ENABLE_NS_ASSERTIONS = NO;
				ENABLE_STRICT_OBJC_MSGSEND = YES;
				GCC_C_LANGUAGE_STANDARD = gnu11;
				GCC_NO_COMMON_BLOCKS = YES;
				GCC_WARN_64_TO_32_BIT_CONVERSION = YES;
				GCC_WARN_ABOUT_RETURN_TYPE = YES_ERROR;
				GCC_WARN_UNDECLARED_SELECTOR = YES;
				GCC_WARN_UNINITIALIZED_AUTOS = YES_AGGRESSIVE;
				GCC_WARN_UNUSED_FUNCTION = YES;
				GCC_WARN_UNUSED_VARIABLE = YES;
				IPHONEOS_DEPLOYMENT_TARGET = 16.0;
				MTL_ENABLE_DEBUG_INFO = NO;
				MTL_FAST_MATH = YES;
				SDKROOT = iphoneos;
				SWIFT_COMPILATION_MODE = wholemodule;
				SWIFT_OPTIMIZATION_LEVEL = "-O";
				VALIDATE_PRODUCT = YES;
			};
			name = Release;
		};
		A72DB99A295DFE220055D50C /* Debug */ = {
			isa = XCBuildConfiguration;
			buildSettings = {
				ASSETCATALOG_COMPILER_APPICON_NAME = AppIcon;
				ASSETCATALOG_COMPILER_GLOBAL_ACCENT_COLOR_NAME = AccentColor;
				CODE_SIGN_STYLE = Automatic;
				CURRENT_PROJECT_VERSION = 1;
				DEVELOPMENT_ASSET_PATHS = "\"Neotify/Preview Content\"";
				DEVELOPMENT_TEAM = NSBNBW9H5G;
				ENABLE_PREVIEWS = YES;
				GENERATE_INFOPLIST_FILE = YES;
				INFOPLIST_KEY_UIApplicationSceneManifest_Generation = YES;
				INFOPLIST_KEY_UIApplicationSupportsIndirectInputEvents = YES;
				INFOPLIST_KEY_UILaunchScreen_Generation = YES;
				INFOPLIST_KEY_UISupportedInterfaceOrientations_iPad = "UIInterfaceOrientationPortrait UIInterfaceOrientationPortraitUpsideDown UIInterfaceOrientationLandscapeLeft UIInterfaceOrientationLandscapeRight";
				INFOPLIST_KEY_UISupportedInterfaceOrientations_iPhone = "UIInterfaceOrientationPortrait UIInterfaceOrientationLandscapeLeft UIInterfaceOrientationLandscapeRight";
				LD_RUNPATH_SEARCH_PATHS = (
					"$(inherited)",
					"@executable_path/Frameworks",
				);
				MARKETING_VERSION = 1.0;
				PRODUCT_BUNDLE_IDENTIFIER = com.oliverloops.Neotify;
				PRODUCT_NAME = "$(TARGET_NAME)";
				SWIFT_EMIT_LOC_STRINGS = YES;
				SWIFT_VERSION = 5.0;
				TARGETED_DEVICE_FAMILY = "1,2";
			};
			name = Debug;
		};
		A72DB99B295DFE220055D50C /* Release */ = {
			isa = XCBuildConfiguration;
			buildSettings = {
				ASSETCATALOG_COMPILER_APPICON_NAME = AppIcon;
				ASSETCATALOG_COMPILER_GLOBAL_ACCENT_COLOR_NAME = AccentColor;
				CODE_SIGN_STYLE = Automatic;
				CURRENT_PROJECT_VERSION = 1;
				DEVELOPMENT_ASSET_PATHS = "\"Neotify/Preview Content\"";
				DEVELOPMENT_TEAM = NSBNBW9H5G;
				ENABLE_PREVIEWS = YES;
				GENERATE_INFOPLIST_FILE = YES;
				INFOPLIST_KEY_UIApplicationSceneManifest_Generation = YES;
				INFOPLIST_KEY_UIApplicationSupportsIndirectInputEvents = YES;
				INFOPLIST_KEY_UILaunchScreen_Generation = YES;
				INFOPLIST_KEY_UISupportedInterfaceOrientations_iPad = "UIInterfaceOrientationPortrait UIInterfaceOrientationPortraitUpsideDown UIInterfaceOrientationLandscapeLeft UIInterfaceOrientationLandscapeRight";
				INFOPLIST_KEY_UISupportedInterfaceOrientations_iPhone = "UIInterfaceOrientationPortrait UIInterfaceOrientationLandscapeLeft UIInterfaceOrientationLandscapeRight";
				LD_RUNPATH_SEARCH_PATHS = (
					"$(inherited)",
					"@executable_path/Frameworks",
				);
				MARKETING_VERSION = 1.0;
				PRODUCT_BUNDLE_IDENTIFIER = com.oliverloops.Neotify;
				PRODUCT_NAME = "$(TARGET_NAME)";
				SWIFT_EMIT_LOC_STRINGS = YES;
				SWIFT_VERSION = 5.0;
				TARGETED_DEVICE_FAMILY = "1,2";
			};
			name = Release;
		};
		A72DB99D295DFE220055D50C /* Debug */ = {
			isa = XCBuildConfiguration;
			buildSettings = {
				ALWAYS_EMBED_SWIFT_STANDARD_LIBRARIES = YES;
				BUNDLE_LOADER = "$(TEST_HOST)";
				CODE_SIGN_STYLE = Automatic;
				CURRENT_PROJECT_VERSION = 1;
				DEVELOPMENT_TEAM = NSBNBW9H5G;
				GENERATE_INFOPLIST_FILE = YES;
				IPHONEOS_DEPLOYMENT_TARGET = 16.0;
				MARKETING_VERSION = 1.0;
				PRODUCT_BUNDLE_IDENTIFIER = com.oliverloops.NeotifyTests;
				PRODUCT_NAME = "$(TARGET_NAME)";
				SWIFT_EMIT_LOC_STRINGS = NO;
				SWIFT_VERSION = 5.0;
				TARGETED_DEVICE_FAMILY = "1,2";
				TEST_HOST = "$(BUILT_PRODUCTS_DIR)/Neotify.app/$(BUNDLE_EXECUTABLE_FOLDER_PATH)/Neotify";
			};
			name = Debug;
		};
		A72DB99E295DFE220055D50C /* Release */ = {
			isa = XCBuildConfiguration;
			buildSettings = {
				ALWAYS_EMBED_SWIFT_STANDARD_LIBRARIES = YES;
				BUNDLE_LOADER = "$(TEST_HOST)";
				CODE_SIGN_STYLE = Automatic;
				CURRENT_PROJECT_VERSION = 1;
				DEVELOPMENT_TEAM = NSBNBW9H5G;
				GENERATE_INFOPLIST_FILE = YES;
				IPHONEOS_DEPLOYMENT_TARGET = 16.0;
				MARKETING_VERSION = 1.0;
				PRODUCT_BUNDLE_IDENTIFIER = com.oliverloops.NeotifyTests;
				PRODUCT_NAME = "$(TARGET_NAME)";
				SWIFT_EMIT_LOC_STRINGS = NO;
				SWIFT_VERSION = 5.0;
				TARGETED_DEVICE_FAMILY = "1,2";
				TEST_HOST = "$(BUILT_PRODUCTS_DIR)/Neotify.app/$(BUNDLE_EXECUTABLE_FOLDER_PATH)/Neotify";
			};
			name = Release;
		};
		A72DB9A0295DFE220055D50C /* Debug */ = {
			isa = XCBuildConfiguration;
			buildSettings = {
				ALWAYS_EMBED_SWIFT_STANDARD_LIBRARIES = YES;
				CODE_SIGN_STYLE = Automatic;
				CURRENT_PROJECT_VERSION = 1;
				DEVELOPMENT_TEAM = NSBNBW9H5G;
				GENERATE_INFOPLIST_FILE = YES;
				MARKETING_VERSION = 1.0;
				PRODUCT_BUNDLE_IDENTIFIER = com.oliverloops.NeotifyUITests;
				PRODUCT_NAME = "$(TARGET_NAME)";
				SWIFT_EMIT_LOC_STRINGS = NO;
				SWIFT_VERSION = 5.0;
				TARGETED_DEVICE_FAMILY = "1,2";
				TEST_TARGET_NAME = Neotify;
			};
			name = Debug;
		};
		A72DB9A1295DFE220055D50C /* Release */ = {
			isa = XCBuildConfiguration;
			buildSettings = {
				ALWAYS_EMBED_SWIFT_STANDARD_LIBRARIES = YES;
				CODE_SIGN_STYLE = Automatic;
				CURRENT_PROJECT_VERSION = 1;
				DEVELOPMENT_TEAM = NSBNBW9H5G;
				GENERATE_INFOPLIST_FILE = YES;
				MARKETING_VERSION = 1.0;
				PRODUCT_BUNDLE_IDENTIFIER = com.oliverloops.NeotifyUITests;
				PRODUCT_NAME = "$(TARGET_NAME)";
				SWIFT_EMIT_LOC_STRINGS = NO;
				SWIFT_VERSION = 5.0;
				TARGETED_DEVICE_FAMILY = "1,2";
				TEST_TARGET_NAME = Neotify;
			};
			name = Release;
		};
/* End XCBuildConfiguration section */

/* Begin XCConfigurationList section */
		A72DB970295DFE1F0055D50C /* Build configuration list for PBXProject "Neotify" */ = {
			isa = XCConfigurationList;
			buildConfigurations = (
				A72DB997295DFE220055D50C /* Debug */,
				A72DB998295DFE220055D50C /* Release */,
			);
			defaultConfigurationIsVisible = 0;
			defaultConfigurationName = Release;
		};
		A72DB999295DFE220055D50C /* Build configuration list for PBXNativeTarget "Neotify" */ = {
			isa = XCConfigurationList;
			buildConfigurations = (
				A72DB99A295DFE220055D50C /* Debug */,
				A72DB99B295DFE220055D50C /* Release */,
			);
			defaultConfigurationIsVisible = 0;
			defaultConfigurationName = Release;
		};
		A72DB99C295DFE220055D50C /* Build configuration list for PBXNativeTarget "NeotifyTests" */ = {
			isa = XCConfigurationList;
			buildConfigurations = (
				A72DB99D295DFE220055D50C /* Debug */,
				A72DB99E295DFE220055D50C /* Release */,
			);
			defaultConfigurationIsVisible = 0;
			defaultConfigurationName = Release;
		};
		A72DB99F295DFE220055D50C /* Build configuration list for PBXNativeTarget "NeotifyUITests" */ = {
			isa = XCConfigurationList;
			buildConfigurations = (
				A72DB9A0295DFE220055D50C /* Debug */,
				A72DB9A1295DFE220055D50C /* Release */,
			);
			defaultConfigurationIsVisible = 0;
			defaultConfigurationName = Release;
		};
/* End XCConfigurationList section */
	};
	rootObject = A72DB96D295DFE1F0055D50C /* Project object */;
}
